
Microsoft Visual Studio Solution File, Format Version 12.00
# Visual Studio 2013
VisualStudioVersion = 12.0.30723.0
MinimumVisualStudioVersion = 10.0.40219.1
Project("{FAE04EC0-301F-11D3-BF4B-00C04F79EFBC}") = "SS.Lib", "SS.Lib\SS.Lib.csproj", "{D359F7F3-9C55-46FA-A4AE-5C97C3801E58}"
EndProject
Global
	GlobalSection(SolutionConfigurationPlatforms) = preSolution
		Debug|Any CPU = Debug|Any CPU
		Release|Any CPU = Release|Any CPU
	EndGlobalSection
	GlobalSection(ProjectConfigurationPlatforms) = postSolution
		{D359F7F3-9C55-46FA-A4AE-5C97C3801E58}.Debug|Any CPU.ActiveCfg = Debug|Any CPU
		{D359F7F3-9C55-46FA-A4AE-5C97C3801E58}.Debug|Any CPU.Build.0 = Debug|Any CPU
		{D359F7F3-9C55-46FA-A4AE-5C97C3801E58}.Release|Any CPU.ActiveCfg = Release|Any CPU
		{D359F7F3-9C55-46FA-A4AE-5C97C3801E58}.Release|Any CPU.Build.0 = Release|Any CPU
	EndGlobalSection
	GlobalSection(SolutionProperties) = preSolution
		HideSolutionNode = FALSE
	EndGlobalSection
EndGlobal
